
Microsoft Visual Studio Solution File, Format Version 12.00
# Visual Studio Version 16
VisualStudioVersion = 16.0.30011.22
MinimumVisualStudioVersion = 10.0.40219.1
Project("{FAE04EC0-301F-11D3-BF4B-00C04F79EFBC}") = "TaskerAI", "TaskerAI\TaskerAI.csproj", "{B177EF44-14B1-49A3-931E-C562C14191BB}"
EndProject
Global
	GlobalSection(SolutionConfigurationPlatforms) = preSolution
		Debug|Any CPU = Debug|Any CPU
		Release|Any CPU = Release|Any CPU
	EndGlobalSection
	GlobalSection(ProjectConfigurationPlatforms) = postSolution
		{B177EF44-14B1-49A3-931E-C562C14191BB}.Debug|Any CPU.ActiveCfg = Debug|Any CPU
		{B177EF44-14B1-49A3-931E-C562C14191BB}.Debug|Any CPU.Build.0 = Debug|Any CPU
		{B177EF44-14B1-49A3-931E-C562C14191BB}.Release|Any CPU.ActiveCfg = Release|Any CPU
		{B177EF44-14B1-49A3-931E-C562C14191BB}.Release|Any CPU.Build.0 = Release|Any CPU
	EndGlobalSection
	GlobalSection(SolutionProperties) = preSolution
		HideSolutionNode = FALSE
	EndGlobalSection
	GlobalSection(ExtensibilityGlobals) = postSolution
		SolutionGuid = {0567C632-21E1-4094-8F40-6A609D289ED8}
	EndGlobalSection
EndGlobal
